
Microsoft Visual Studio Solution File, Format Version 12.00
# Visual Studio Version 16
VisualStudioVersion = 16.0.30717.126
MinimumVisualStudioVersion = 10.0.40219.1
Project("{FAE04EC0-301F-11D3-BF4B-00C04F79EFBC}") = "SPZC", "SPZC\SPZC.csproj", "{E76CC8FB-A025-4758-8DFB-129C441A5A5B}"
EndProject
Global
	GlobalSection(SolutionConfigurationPlatforms) = preSolution
		Debug|Any CPU = Debug|Any CPU
		Release|Any CPU = Release|Any CPU
	EndGlobalSection
	GlobalSection(ProjectConfigurationPlatforms) = postSolution
		{E76CC8FB-A025-4758-8DFB-129C441A5A5B}.Debug|Any CPU.ActiveCfg = Debug|Any CPU
		{E76CC8FB-A025-4758-8DFB-129C441A5A5B}.Debug|Any CPU.Build.0 = Debug|Any CPU
		{E76CC8FB-A025-4758-8DFB-129C441A5A5B}.Release|Any CPU.ActiveCfg = Release|Any CPU
		{E76CC8FB-A025-4758-8DFB-129C441A5A5B}.Release|Any CPU.Build.0 = Release|Any CPU
	EndGlobalSection
	GlobalSection(SolutionProperties) = preSolution
		HideSolutionNode = FALSE
	EndGlobalSection
	GlobalSection(ExtensibilityGlobals) = postSolution
		SolutionGuid = {4C139410-5F2A-4D20-9647-AF41B8E3973B}
	EndGlobalSection
EndGlobal
